// !$*UTF8*$!
{
	archiveVersion = 1;
	classes = {
	};
	objectVersion = 56;
	objects = {

/* Begin PBXBuildFile section */
		5E51F8F528DF5F78002EC76B /* StandingsCell.swift in Sources */ = {isa = PBXBuildFile; fileRef = 5E51F8F328DF5F78002EC76B /* StandingsCell.swift */; };
		5E51F8F628DF5F78002EC76B /* StandingsCell.xib in Resources */ = {isa = PBXBuildFile; fileRef = 5E51F8F428DF5F78002EC76B /* StandingsCell.xib */; };
		5E51F91F28E0870F002EC76B /* Standing.swift in Sources */ = {isa = PBXBuildFile; fileRef = 5E51F91E28E0870F002EC76B /* Standing.swift */; };
		5E51F92128E0F475002EC76B /* SSportsC-Regular.ttf in Resources */ = {isa = PBXBuildFile; fileRef = 5E51F92028E0F475002EC76B /* SSportsC-Regular.ttf */; };
		5E51F94D28E31718002EC76B /* LeaguesViewController.swift in Sources */ = {isa = PBXBuildFile; fileRef = 5E51F94C28E31718002EC76B /* LeaguesViewController.swift */; };
		5E51F95028E31763002EC76B /* LeagueCell.swift in Sources */ = {isa = PBXBuildFile; fileRef = 5E51F94E28E31763002EC76B /* LeagueCell.swift */; };
		5E51F95128E31763002EC76B /* LeagueCell.xib in Resources */ = {isa = PBXBuildFile; fileRef = 5E51F94F28E31763002EC76B /* LeagueCell.xib */; };
		5E51F97628E38FBC002EC76B /* ClubViewController.swift in Sources */ = {isa = PBXBuildFile; fileRef = 5E51F97528E38FBC002EC76B /* ClubViewController.swift */; };
		5E51F97928E39098002EC76B /* FormCell.swift in Sources */ = {isa = PBXBuildFile; fileRef = 5E51F97728E39098002EC76B /* FormCell.swift */; };
		5E51F97A28E39098002EC76B /* FormCell.xib in Resources */ = {isa = PBXBuildFile; fileRef = 5E51F97828E39098002EC76B /* FormCell.xib */; };
		5E9D304E28D8CEBD00734A20 /* FootballModel.swift in Sources */ = {isa = PBXBuildFile; fileRef = 5E9D304D28D8CEBD00734A20 /* FootballModel.swift */; };
		5E9D305028D8D4B000734A20 /* FootballManager.swift in Sources */ = {isa = PBXBuildFile; fileRef = 5E9D304F28D8D4B000734A20 /* FootballManager.swift */; };
		5E9D305228D8E32200734A20 /* FootballData.swift in Sources */ = {isa = PBXBuildFile; fileRef = 5E9D305128D8E32200734A20 /* FootballData.swift */; };
		5EA8593428D7B9F500AA4648 /* AppDelegate.swift in Sources */ = {isa = PBXBuildFile; fileRef = 5EA8593328D7B9F500AA4648 /* AppDelegate.swift */; };
		5EA8593628D7B9F500AA4648 /* SceneDelegate.swift in Sources */ = {isa = PBXBuildFile; fileRef = 5EA8593528D7B9F500AA4648 /* SceneDelegate.swift */; };
		5EA8593828D7B9F500AA4648 /* ViewController.swift in Sources */ = {isa = PBXBuildFile; fileRef = 5EA8593728D7B9F500AA4648 /* ViewController.swift */; };
		5EA8593B28D7B9F500AA4648 /* Main.storyboard in Resources */ = {isa = PBXBuildFile; fileRef = 5EA8593928D7B9F500AA4648 /* Main.storyboard */; };
		5EA8593E28D7B9F500AA4648 /* Scores.xcdatamodeld in Sources */ = {isa = PBXBuildFile; fileRef = 5EA8593C28D7B9F500AA4648 /* Scores.xcdatamodeld */; };
		5EA8594028D7B9F700AA4648 /* Assets.xcassets in Resources */ = {isa = PBXBuildFile; fileRef = 5EA8593F28D7B9F700AA4648 /* Assets.xcassets */; };
		5EA8594328D7B9F700AA4648 /* LaunchScreen.storyboard in Resources */ = {isa = PBXBuildFile; fileRef = 5EA8594128D7B9F700AA4648 /* LaunchScreen.storyboard */; };
/* End PBXBuildFile section */

/* Begin PBXFileReference section */
		5E51F8F328DF5F78002EC76B /* StandingsCell.swift */ = {isa = PBXFileReference; lastKnownFileType = sourcecode.swift; path = StandingsCell.swift; sourceTree = "<group>"; };
		5E51F8F428DF5F78002EC76B /* StandingsCell.xib */ = {isa = PBXFileReference; lastKnownFileType = file.xib; path = StandingsCell.xib; sourceTree = "<group>"; };
		5E51F91E28E0870F002EC76B /* Standing.swift */ = {isa = PBXFileReference; lastKnownFileType = sourcecode.swift; path = Standing.swift; sourceTree = "<group>"; };
		5E51F92028E0F475002EC76B /* SSportsC-Regular.ttf */ = {isa = PBXFileReference; lastKnownFileType = file; path = "SSportsC-Regular.ttf"; sourceTree = "<group>"; };
		5E51F94C28E31718002EC76B /* LeaguesViewController.swift */ = {isa = PBXFileReference; lastKnownFileType = sourcecode.swift; path = LeaguesViewController.swift; sourceTree = "<group>"; };
		5E51F94E28E31763002EC76B /* LeagueCell.swift */ = {isa = PBXFileReference; lastKnownFileType = sourcecode.swift; path = LeagueCell.swift; sourceTree = "<group>"; };
		5E51F94F28E31763002EC76B /* LeagueCell.xib */ = {isa = PBXFileReference; lastKnownFileType = file.xib; path = LeagueCell.xib; sourceTree = "<group>"; };
		5E51F97528E38FBC002EC76B /* ClubViewController.swift */ = {isa = PBXFileReference; lastKnownFileType = sourcecode.swift; path = ClubViewController.swift; sourceTree = "<group>"; };
		5E51F97728E39098002EC76B /* FormCell.swift */ = {isa = PBXFileReference; lastKnownFileType = sourcecode.swift; path = FormCell.swift; sourceTree = "<group>"; };
		5E51F97828E39098002EC76B /* FormCell.xib */ = {isa = PBXFileReference; lastKnownFileType = file.xib; path = FormCell.xib; sourceTree = "<group>"; };
		5E9D304D28D8CEBD00734A20 /* FootballModel.swift */ = {isa = PBXFileReference; lastKnownFileType = sourcecode.swift; path = FootballModel.swift; sourceTree = "<group>"; };
		5E9D304F28D8D4B000734A20 /* FootballManager.swift */ = {isa = PBXFileReference; lastKnownFileType = sourcecode.swift; path = FootballManager.swift; sourceTree = "<group>"; };
		5E9D305128D8E32200734A20 /* FootballData.swift */ = {isa = PBXFileReference; lastKnownFileType = sourcecode.swift; path = FootballData.swift; sourceTree = "<group>"; };
		5EA8593028D7B9F500AA4648 /* Scores.app */ = {isa = PBXFileReference; explicitFileType = wrapper.application; includeInIndex = 0; path = Scores.app; sourceTree = BUILT_PRODUCTS_DIR; };
		5EA8593328D7B9F500AA4648 /* AppDelegate.swift */ = {isa = PBXFileReference; lastKnownFileType = sourcecode.swift; path = AppDelegate.swift; sourceTree = "<group>"; };
		5EA8593528D7B9F500AA4648 /* SceneDelegate.swift */ = {isa = PBXFileReference; lastKnownFileType = sourcecode.swift; path = SceneDelegate.swift; sourceTree = "<group>"; };
		5EA8593728D7B9F500AA4648 /* ViewController.swift */ = {isa = PBXFileReference; lastKnownFileType = sourcecode.swift; path = ViewController.swift; sourceTree = "<group>"; };
		5EA8593A28D7B9F500AA4648 /* Base */ = {isa = PBXFileReference; lastKnownFileType = file.storyboard; name = Base; path = Base.lproj/Main.storyboard; sourceTree = "<group>"; };
		5EA8593D28D7B9F500AA4648 /* Scores.xcdatamodel */ = {isa = PBXFileReference; lastKnownFileType = wrapper.xcdatamodel; path = Scores.xcdatamodel; sourceTree = "<group>"; };
		5EA8593F28D7B9F700AA4648 /* Assets.xcassets */ = {isa = PBXFileReference; lastKnownFileType = folder.assetcatalog; path = Assets.xcassets; sourceTree = "<group>"; };
		5EA8594228D7B9F700AA4648 /* Base */ = {isa = PBXFileReference; lastKnownFileType = file.storyboard; name = Base; path = Base.lproj/LaunchScreen.storyboard; sourceTree = "<group>"; };
		5EA8594428D7B9F700AA4648 /* Info.plist */ = {isa = PBXFileReference; lastKnownFileType = text.plist.xml; path = Info.plist; sourceTree = "<group>"; };
/* End PBXFileReference section */

/* Begin PBXFrameworksBuildPhase section */
		5EA8592D28D7B9F500AA4648 /* Frameworks */ = {
			isa = PBXFrameworksBuildPhase;
			buildActionMask = 2147483647;
			files = (
			);
			runOnlyForDeploymentPostprocessing = 0;
		};
/* End PBXFrameworksBuildPhase section */

/* Begin PBXGroup section */
		5E9D304928D8CE2500734A20 /* Controller */ = {
			isa = PBXGroup;
			children = (
				5EA8593728D7B9F500AA4648 /* ViewController.swift */,
				5E51F94C28E31718002EC76B /* LeaguesViewController.swift */,
				5E51F97528E38FBC002EC76B /* ClubViewController.swift */,
				5E51F8F328DF5F78002EC76B /* StandingsCell.swift */,
				5E51F8F428DF5F78002EC76B /* StandingsCell.xib */,
				5E51F94E28E31763002EC76B /* LeagueCell.swift */,
				5E51F94F28E31763002EC76B /* LeagueCell.xib */,
				5E51F97728E39098002EC76B /* FormCell.swift */,
				5E51F97828E39098002EC76B /* FormCell.xib */,
			);
			path = Controller;
			sourceTree = "<group>";
		};
		5E9D304A28D8CE6500734A20 /* View */ = {
			isa = PBXGroup;
			children = (
				5EA8593928D7B9F500AA4648 /* Main.storyboard */,
			);
			path = View;
			sourceTree = "<group>";
		};
		5E9D304C28D8CE7700734A20 /* Model */ = {
			isa = PBXGroup;
			children = (
				5E9D304D28D8CEBD00734A20 /* FootballModel.swift */,
				5E9D304F28D8D4B000734A20 /* FootballManager.swift */,
				5E9D305128D8E32200734A20 /* FootballData.swift */,
				5E51F91E28E0870F002EC76B /* Standing.swift */,
			);
			path = Model;
			sourceTree = "<group>";
		};
		5EA8592728D7B9F500AA4648 = {
			isa = PBXGroup;
			children = (
				5EA8593228D7B9F500AA4648 /* Scores */,
				5EA8593128D7B9F500AA4648 /* Products */,
			);
			sourceTree = "<group>";
		};
		5EA8593128D7B9F500AA4648 /* Products */ = {
			isa = PBXGroup;
			children = (
				5EA8593028D7B9F500AA4648 /* Scores.app */,
			);
			name = Products;
			sourceTree = "<group>";
		};
		5EA8593228D7B9F500AA4648 /* Scores */ = {
			isa = PBXGroup;
			children = (
				5E51F92028E0F475002EC76B /* SSportsC-Regular.ttf */,
				5EA8593328D7B9F500AA4648 /* AppDelegate.swift */,
				5EA8593528D7B9F500AA4648 /* SceneDelegate.swift */,
				5E9D304C28D8CE7700734A20 /* Model */,
				5E9D304928D8CE2500734A20 /* Controller */,
				5E9D304A28D8CE6500734A20 /* View */,
				5EA8593F28D7B9F700AA4648 /* Assets.xcassets */,
				5EA8594128D7B9F700AA4648 /* LaunchScreen.storyboard */,
				5EA8594428D7B9F700AA4648 /* Info.plist */,
				5EA8593C28D7B9F500AA4648 /* Scores.xcdatamodeld */,
			);
			path = Scores;
			sourceTree = "<group>";
		};
/* End PBXGroup section */

/* Begin PBXNativeTarget section */
		5EA8592F28D7B9F500AA4648 /* Scores */ = {
			isa = PBXNativeTarget;
			buildConfigurationList = 5EA8594728D7B9F700AA4648 /* Build configuration list for PBXNativeTarget "Scores" */;
			buildPhases = (
				5EA8592C28D7B9F500AA4648 /* Sources */,
				5EA8592D28D7B9F500AA4648 /* Frameworks */,
				5EA8592E28D7B9F500AA4648 /* Resources */,
			);
			buildRules = (
			);
			dependencies = (
			);
			name = Scores;
			productName = Scores;
			productReference = 5EA8593028D7B9F500AA4648 /* Scores.app */;
			productType = "com.apple.product-type.application";
		};
/* End PBXNativeTarget section */

/* Begin PBXProject section */
		5EA8592828D7B9F500AA4648 /* Project object */ = {
			isa = PBXProject;
			attributes = {
				BuildIndependentTargetsInParallel = 1;
				LastSwiftUpdateCheck = 1400;
				LastUpgradeCheck = 1400;
				TargetAttributes = {
					5EA8592F28D7B9F500AA4648 = {
						CreatedOnToolsVersion = 14.0;
					};
				};
			};
			buildConfigurationList = 5EA8592B28D7B9F500AA4648 /* Build configuration list for PBXProject "Scores" */;
			compatibilityVersion = "Xcode 14.0";
			developmentRegion = en;
			hasScannedForEncodings = 0;
			knownRegions = (
				en,
				Base,
			);
			mainGroup = 5EA8592728D7B9F500AA4648;
			productRefGroup = 5EA8593128D7B9F500AA4648 /* Products */;
			projectDirPath = "";
			projectRoot = "";
			targets = (
				5EA8592F28D7B9F500AA4648 /* Scores */,
			);
		};
/* End PBXProject section */

/* Begin PBXResourcesBuildPhase section */
		5EA8592E28D7B9F500AA4648 /* Resources */ = {
			isa = PBXResourcesBuildPhase;
			buildActionMask = 2147483647;
			files = (
				5EA8594328D7B9F700AA4648 /* LaunchScreen.storyboard in Resources */,
				5E51F8F628DF5F78002EC76B /* StandingsCell.xib in Resources */,
				5E51F95128E31763002EC76B /* LeagueCell.xib in Resources */,
				5EA8594028D7B9F700AA4648 /* Assets.xcassets in Resources */,
				5E51F92128E0F475002EC76B /* SSportsC-Regular.ttf in Resources */,
				5E51F97A28E39098002EC76B /* FormCell.xib in Resources */,
				5EA8593B28D7B9F500AA4648 /* Main.storyboard in Resources */,
			);
			runOnlyForDeploymentPostprocessing = 0;
		};
/* End PBXResourcesBuildPhase section */

/* Begin PBXSourcesBuildPhase section */
		5EA8592C28D7B9F500AA4648 /* Sources */ = {
			isa = PBXSourcesBuildPhase;
			buildActionMask = 2147483647;
			files = (
				5E9D305028D8D4B000734A20 /* FootballManager.swift in Sources */,
				5E51F8F528DF5F78002EC76B /* StandingsCell.swift in Sources */,
				5E51F95028E31763002EC76B /* LeagueCell.swift in Sources */,
				5E9D304E28D8CEBD00734A20 /* FootballModel.swift in Sources */,
				5E51F97928E39098002EC76B /* FormCell.swift in Sources */,
				5EA8593828D7B9F500AA4648 /* ViewController.swift in Sources */,
				5EA8593428D7B9F500AA4648 /* AppDelegate.swift in Sources */,
				5E9D305228D8E32200734A20 /* FootballData.swift in Sources */,
				5E51F91F28E0870F002EC76B /* Standing.swift in Sources */,
				5E51F97628E38FBC002EC76B /* ClubViewController.swift in Sources */,
				5E51F94D28E31718002EC76B /* LeaguesViewController.swift in Sources */,
				5EA8593E28D7B9F500AA4648 /* Scores.xcdatamodeld in Sources */,
				5EA8593628D7B9F500AA4648 /* SceneDelegate.swift in Sources */,
			);
			runOnlyForDeploymentPostprocessing = 0;
		};
/* End PBXSourcesBuildPhase section */

/* Begin PBXVariantGroup section */
		5EA8593928D7B9F500AA4648 /* Main.storyboard */ = {
			isa = PBXVariantGroup;
			children = (
				5EA8593A28D7B9F500AA4648 /* Base */,
			);
			name = Main.storyboard;
			sourceTree = "<group>";
		};
		5EA8594128D7B9F700AA4648 /* LaunchScreen.storyboard */ = {
			isa = PBXVariantGroup;
			children = (
				5EA8594228D7B9F700AA4648 /* Base */,
			);
			name = LaunchScreen.storyboard;
			sourceTree = "<group>";
		};
/* End PBXVariantGroup section */

/* Begin XCBuildConfiguration section */
		5EA8594528D7B9F700AA4648 /* Debug */ = {
			isa = XCBuildConfiguration;
			buildSettings = {
				ALWAYS_SEARCH_USER_PATHS = NO;
				CLANG_ANALYZER_NONNULL = YES;
				CLANG_ANALYZER_NUMBER_OBJECT_CONVERSION = YES_AGGRESSIVE;
				CLANG_CXX_LANGUAGE_STANDARD = "gnu++20";
				CLANG_ENABLE_MODULES = YES;
				CLANG_ENABLE_OBJC_ARC = YES;
				CLANG_ENABLE_OBJC_WEAK = YES;
				CLANG_WARN_BLOCK_CAPTURE_AUTORELEASING = YES;
				CLANG_WARN_BOOL_CONVERSION = YES;
				CLANG_WARN_COMMA = YES;
				CLANG_WARN_CONSTANT_CONVERSION = YES;
				CLANG_WARN_DEPRECATED_OBJC_IMPLEMENTATIONS = YES;
				CLANG_WARN_DIRECT_OBJC_ISA_USAGE = YES_ERROR;
				CLANG_WARN_DOCUMENTATION_COMMENTS = YES;
				CLANG_WARN_EMPTY_BODY = YES;
				CLANG_WARN_ENUM_CONVERSION = YES;
				CLANG_WARN_INFINITE_RECURSION = YES;
				CLANG_WARN_INT_CONVERSION = YES;
				CLANG_WARN_NON_LITERAL_NULL_CONVERSION = YES;
				CLANG_WARN_OBJC_IMPLICIT_RETAIN_SELF = YES;
				CLANG_WARN_OBJC_LITERAL_CONVERSION = YES;
				CLANG_WARN_OBJC_ROOT_CLASS = YES_ERROR;
				CLANG_WARN_QUOTED_INCLUDE_IN_FRAMEWORK_HEADER = YES;
				CLANG_WARN_RANGE_LOOP_ANALYSIS = YES;
				CLANG_WARN_STRICT_PROTOTYPES = YES;
				CLANG_WARN_SUSPICIOUS_MOVE = YES;
				CLANG_WARN_UNGUARDED_AVAILABILITY = YES_AGGRESSIVE;
				CLANG_WARN_UNREACHABLE_CODE = YES;
				CLANG_WARN__DUPLICATE_METHOD_MATCH = YES;
				COPY_PHASE_STRIP = NO;
				DEBUG_INFORMATION_FORMAT = dwarf;
				ENABLE_STRICT_OBJC_MSGSEND = YES;
				ENABLE_TESTABILITY = YES;
				GCC_C_LANGUAGE_STANDARD = gnu11;
				GCC_DYNAMIC_NO_PIC = NO;
				GCC_NO_COMMON_BLOCKS = YES;
				GCC_OPTIMIZATION_LEVEL = 0;
				GCC_PREPROCESSOR_DEFINITIONS = (
					"DEBUG=1",
					"$(inherited)",
				);
				GCC_WARN_64_TO_32_BIT_CONVERSION = YES;
				GCC_WARN_ABOUT_RETURN_TYPE = YES_ERROR;
				GCC_WARN_UNDECLARED_SELECTOR = YES;
				GCC_WARN_UNINITIALIZED_AUTOS = YES_AGGRESSIVE;
				GCC_WARN_UNUSED_FUNCTION = YES;
				GCC_WARN_UNUSED_VARIABLE = YES;
				IPHONEOS_DEPLOYMENT_TARGET = 16.0;
				MTL_ENABLE_DEBUG_INFO = INCLUDE_SOURCE;
				MTL_FAST_MATH = YES;
				ONLY_ACTIVE_ARCH = YES;
				SDKROOT = iphoneos;
				SWIFT_ACTIVE_COMPILATION_CONDITIONS = DEBUG;
				SWIFT_OPTIMIZATION_LEVEL = "-Onone";
			};
			name = Debug;
		};
		5EA8594628D7B9F700AA4648 /* Release */ = {
			isa = XCBuildConfiguration;
			buildSettings = {
				ALWAYS_SEARCH_USER_PATHS = NO;
				CLANG_ANALYZER_NONNULL = YES;
				CLANG_ANALYZER_NUMBER_OBJECT_CONVERSION = YES_AGGRESSIVE;
				CLANG_CXX_LANGUAGE_STANDARD = "gnu++20";
				CLANG_ENABLE_MODULES = YES;
				CLANG_ENABLE_OBJC_ARC = YES;
				CLANG_ENABLE_OBJC_WEAK = YES;
				CLANG_WARN_BLOCK_CAPTURE_AUTORELEASING = YES;
				CLANG_WARN_BOOL_CONVERSION = YES;
				CLANG_WARN_COMMA = YES;
				CLANG_WARN_CONSTANT_CONVERSION = YES;
				CLANG_WARN_DEPRECATED_OBJC_IMPLEMENTATIONS = YES;
				CLANG_WARN_DIRECT_OBJC_ISA_USAGE = YES_ERROR;
				CLANG_WARN_DOCUMENTATION_COMMENTS = YES;
				CLANG_WARN_EMPTY_BODY = YES;
				CLANG_WARN_ENUM_CONVERSION = YES;
				CLANG_WARN_INFINITE_RECURSION = YES;
				CLANG_WARN_INT_CONVERSION = YES;
				CLANG_WARN_NON_LITERAL_NULL_CONVERSION = YES;
				CLANG_WARN_OBJC_IMPLICIT_RETAIN_SELF = YES;
				CLANG_WARN_OBJC_LITERAL_CONVERSION = YES;
				CLANG_WARN_OBJC_ROOT_CLASS = YES_ERROR;
				CLANG_WARN_QUOTED_INCLUDE_IN_FRAMEWORK_HEADER = YES;
				CLANG_WARN_RANGE_LOOP_ANALYSIS = YES;
				CLANG_WARN_STRICT_PROTOTYPES = YES;
				CLANG_WARN_SUSPICIOUS_MOVE = YES;
				CLANG_WARN_UNGUARDED_AVAILABILITY = YES_AGGRESSIVE;
				CLANG_WARN_UNREACHABLE_CODE = YES;
				CLANG_WARN__DUPLICATE_METHOD_MATCH = YES;
				COPY_PHASE_STRIP = NO;
				DEBUG_INFORMATION_FORMAT = "dwarf-with-dsym";
				ENABLE_NS_ASSERTIONS = NO;
				ENABLE_STRICT_OBJC_MSGSEND = YES;
				GCC_C_LANGUAGE_STANDARD = gnu11;
				GCC_NO_COMMON_BLOCKS = YES;
				GCC_WARN_64_TO_32_BIT_CONVERSION = YES;
				GCC_WARN_ABOUT_RETURN_TYPE = YES_ERROR;
				GCC_WARN_UNDECLARED_SELECTOR = YES;
				GCC_WARN_UNINITIALIZED_AUTOS = YES_AGGRESSIVE;
				GCC_WARN_UNUSED_FUNCTION = YES;
				GCC_WARN_UNUSED_VARIABLE = YES;
				IPHONEOS_DEPLOYMENT_TARGET = 16.0;
				MTL_ENABLE_DEBUG_INFO = NO;
				MTL_FAST_MATH = YES;
				SDKROOT = iphoneos;
				SWIFT_COMPILATION_MODE = wholemodule;
				SWIFT_OPTIMIZATION_LEVEL = "-O";
				VALIDATE_PRODUCT = YES;
			};
			name = Release;
		};
		5EA8594828D7B9F700AA4648 /* Debug */ = {
			isa = XCBuildConfiguration;
			buildSettings = {
				ASSETCATALOG_COMPILER_APPICON_NAME = AppIcon;
				ASSETCATALOG_COMPILER_GLOBAL_ACCENT_COLOR_NAME = AccentColor;
				CODE_SIGN_STYLE = Automatic;
				CURRENT_PROJECT_VERSION = 1;
				DEVELOPMENT_TEAM = CH7CXZYMJK;
				GENERATE_INFOPLIST_FILE = YES;
				INFOPLIST_FILE = Scores/Info.plist;
				INFOPLIST_KEY_UIApplicationSupportsIndirectInputEvents = YES;
				INFOPLIST_KEY_UILaunchStoryboardName = LaunchScreen;
				INFOPLIST_KEY_UIMainStoryboardFile = Main;
				INFOPLIST_KEY_UISupportedInterfaceOrientations_iPad = "UIInterfaceOrientationPortrait UIInterfaceOrientationPortraitUpsideDown UIInterfaceOrientationLandscapeLeft UIInterfaceOrientationLandscapeRight";
				INFOPLIST_KEY_UISupportedInterfaceOrientations_iPhone = "UIInterfaceOrientationPortrait UIInterfaceOrientationLandscapeLeft UIInterfaceOrientationLandscapeRight";
				LD_RUNPATH_SEARCH_PATHS = (
					"$(inherited)",
					"@executable_path/Frameworks",
				);
				MARKETING_VERSION = 1.0;
				PRODUCT_BUNDLE_IDENTIFIER = com.ZaidAlderi.Scores;
				PRODUCT_NAME = "$(TARGET_NAME)";
				SWIFT_EMIT_LOC_STRINGS = YES;
				SWIFT_VERSION = 5.0;
				TARGETED_DEVICE_FAMILY = "1,2";
			};
			name = Debug;
		};
		5EA8594928D7B9F700AA4648 /* Release */ = {
			isa = XCBuildConfiguration;
			buildSettings = {
				ASSETCATALOG_COMPILER_APPICON_NAME = AppIcon;
				ASSETCATALOG_COMPILER_GLOBAL_ACCENT_COLOR_NAME = AccentColor;
				CODE_SIGN_STYLE = Automatic;
				CURRENT_PROJECT_VERSION = 1;
				DEVELOPMENT_TEAM = CH7CXZYMJK;
				GENERATE_INFOPLIST_FILE = YES;
				INFOPLIST_FILE = Scores/Info.plist;
				INFOPLIST_KEY_UIApplicationSupportsIndirectInputEvents = YES;
				INFOPLIST_KEY_UILaunchStoryboardName = LaunchScreen;
				INFOPLIST_KEY_UIMainStoryboardFile = Main;
				INFOPLIST_KEY_UISupportedInterfaceOrientations_iPad = "UIInterfaceOrientationPortrait UIInterfaceOrientationPortraitUpsideDown UIInterfaceOrientationLandscapeLeft UIInterfaceOrientationLandscapeRight";
				INFOPLIST_KEY_UISupportedInterfaceOrientations_iPhone = "UIInterfaceOrientationPortrait UIInterfaceOrientationLandscapeLeft UIInterfaceOrientationLandscapeRight";
				LD_RUNPATH_SEARCH_PATHS = (
					"$(inherited)",
					"@executable_path/Frameworks",
				);
				MARKETING_VERSION = 1.0;
				PRODUCT_BUNDLE_IDENTIFIER = com.ZaidAlderi.Scores;
				PRODUCT_NAME = "$(TARGET_NAME)";
				SWIFT_EMIT_LOC_STRINGS = YES;
				SWIFT_VERSION = 5.0;
				TARGETED_DEVICE_FAMILY = "1,2";
			};
			name = Release;
		};
/* End XCBuildConfiguration section */

/* Begin XCConfigurationList section */
		5EA8592B28D7B9F500AA4648 /* Build configuration list for PBXProject "Scores" */ = {
			isa = XCConfigurationList;
			buildConfigurations = (
				5EA8594528D7B9F700AA4648 /* Debug */,
				5EA8594628D7B9F700AA4648 /* Release */,
			);
			defaultConfigurationIsVisible = 0;
			defaultConfigurationName = Release;
		};
		5EA8594728D7B9F700AA4648 /* Build configuration list for PBXNativeTarget "Scores" */ = {
			isa = XCConfigurationList;
			buildConfigurations = (
				5EA8594828D7B9F700AA4648 /* Debug */,
				5EA8594928D7B9F700AA4648 /* Release */,
			);
			defaultConfigurationIsVisible = 0;
			defaultConfigurationName = Release;
		};
/* End XCConfigurationList section */

/* Begin XCVersionGroup section */
		5EA8593C28D7B9F500AA4648 /* Scores.xcdatamodeld */ = {
			isa = XCVersionGroup;
			children = (
				5EA8593D28D7B9F500AA4648 /* Scores.xcdatamodel */,
			);
			currentVersion = 5EA8593D28D7B9F500AA4648 /* Scores.xcdatamodel */;
			path = Scores.xcdatamodeld;
			sourceTree = "<group>";
			versionGroupType = wrapper.xcdatamodel;
		};
/* End XCVersionGroup section */
	};
	rootObject = 5EA8592828D7B9F500AA4648 /* Project object */;
}
